
Microsoft Visual Studio Solution File, Format Version 12.00
# Visual Studio Version 16
VisualStudioVersion = 16.0.30804.86
MinimumVisualStudioVersion = 10.0.40219.1
Project("{FAE04EC0-301F-11D3-BF4B-00C04F79EFBC}") = "MonteCarlo Program", "MonteCarlo Program.csproj", "{60AB28EE-36EB-4BC0-8FAC-2CF339DF672D}"
EndProject
Global
	GlobalSection(SolutionConfigurationPlatforms) = preSolution
		Debug|Any CPU = Debug|Any CPU
		Release|Any CPU = Release|Any CPU
	EndGlobalSection
	GlobalSection(ProjectConfigurationPlatforms) = postSolution
		{60AB28EE-36EB-4BC0-8FAC-2CF339DF672D}.Debug|Any CPU.ActiveCfg = Debug|Any CPU
		{60AB28EE-36EB-4BC0-8FAC-2CF339DF672D}.Debug|Any CPU.Build.0 = Debug|Any CPU
		{60AB28EE-36EB-4BC0-8FAC-2CF339DF672D}.Release|Any CPU.ActiveCfg = Release|Any CPU
		{60AB28EE-36EB-4BC0-8FAC-2CF339DF672D}.Release|Any CPU.Build.0 = Release|Any CPU
	EndGlobalSection
	GlobalSection(SolutionProperties) = preSolution
		HideSolutionNode = FALSE
	EndGlobalSection
	GlobalSection(ExtensibilityGlobals) = postSolution
		SolutionGuid = {E1DC14AE-F798-4873-A8A1-A2CC91D10CFB}
	EndGlobalSection
EndGlobal
